
Microsoft Visual Studio Solution File, Format Version 12.00
# Visual Studio Version 17
VisualStudioVersion = 17.4.33213.308
MinimumVisualStudioVersion = 10.0.40219.1
Project("{FAE04EC0-301F-11D3-BF4B-00C04F79EFBC}") = "RankedReadyApi", "RankedReadyApi\RankedReadyApi.csproj", "{6364E09B-1AC8-4EDC-BD77-045B9E7EE87F}"
EndProject
Global
	GlobalSection(SolutionConfigurationPlatforms) = preSolution
		Debug|Any CPU = Debug|Any CPU
		Release|Any CPU = Release|Any CPU
	EndGlobalSection
	GlobalSection(ProjectConfigurationPlatforms) = postSolution
		{6364E09B-1AC8-4EDC-BD77-045B9E7EE87F}.Debug|Any CPU.ActiveCfg = Debug|Any CPU
		{6364E09B-1AC8-4EDC-BD77-045B9E7EE87F}.Debug|Any CPU.Build.0 = Debug|Any CPU
		{6364E09B-1AC8-4EDC-BD77-045B9E7EE87F}.Release|Any CPU.ActiveCfg = Release|Any CPU
		{6364E09B-1AC8-4EDC-BD77-045B9E7EE87F}.Release|Any CPU.Build.0 = Release|Any CPU
	EndGlobalSection
	GlobalSection(SolutionProperties) = preSolution
		HideSolutionNode = FALSE
	EndGlobalSection
	GlobalSection(ExtensibilityGlobals) = postSolution
		SolutionGuid = {652D185E-9EFD-4C0A-8049-01A1CEF6741E}
	EndGlobalSection
EndGlobal
